
Microsoft Visual Studio Solution File, Format Version 12.00
# Visual Studio Version 17
VisualStudioVersion = 17.5.2.0
MinimumVisualStudioVersion = 10.0.40219.1
Project("{2150E333-8FDC-42A3-9474-1A3956D46DE8}") = "src", "src", "{827E0CD3-B72D-47B6-A68D-7590B98EB39B}"
EndProject
Project("{FAE04EC0-301F-11D3-BF4B-00C04F79EFBC}") = "FEMEE.Domain", "src\FEMEE.Domain\FEMEE.Domain.csproj", "{1022691F-FBE0-43A0-9CF5-C2FE1FEF5A76}"
EndProject
Project("{FAE04EC0-301F-11D3-BF4B-00C04F79EFBC}") = "FEMEE.Application", "src\FEMEE.Application\FEMEE.Application.csproj", "{FAF84CB9-0F72-480F-A0E5-E41924457330}"
EndProject
Project("{FAE04EC0-301F-11D3-BF4B-00C04F79EFBC}") = "FEMEE.Infrastructure", "src\FEMEE.Infrastructure\FEMEE.Infrastructure.csproj", "{109DA074-572D-4F02-9BAB-4CE599D3538E}"
EndProject
Project("{FAE04EC0-301F-11D3-BF4B-00C04F79EFBC}") = "FEMEE.API", "src\FEMEE.API\FEMEE.API.csproj", "{6E3B41DB-FDBE-471B-B2E7-3A60476DB708}"
EndProject
Project("{2150E333-8FDC-42A3-9474-1A3956D46DE8}") = "tests", "tests", "{0AB3BF05-4346-4AA6-1389-037BE0695223}"
EndProject
Project("{FAE04EC0-301F-11D3-BF4B-00C04F79EFBC}") = "FEMEE.UnitTests", "tests\FEMEE.UnitTests\FEMEE.UnitTests.csproj", "{99110EB0-F05A-48C7-9C4C-E2BD8E804A94}"
EndProject
Project("{FAE04EC0-301F-11D3-BF4B-00C04F79EFBC}") = "FEMEE.IntegrationTests", "tests\FEMEE.IntegrationTests\FEMEE.IntegrationTests.csproj", "{F49854D6-CCC5-40D9-A127-B95B207E5443}"
EndProject
Global
	GlobalSection(SolutionConfigurationPlatforms) = preSolution
		Debug|Any CPU = Debug|Any CPU
		Debug|x64 = Debug|x64
		Debug|x86 = Debug|x86
		Release|Any CPU = Release|Any CPU
		Release|x64 = Release|x64
		Release|x86 = Release|x86
	EndGlobalSection
	GlobalSection(ProjectConfigurationPlatforms) = postSolution
		{1022691F-FBE0-43A0-9CF5-C2FE1FEF5A76}.Debug|Any CPU.ActiveCfg = Debug|Any CPU
		{1022691F-FBE0-43A0-9CF5-C2FE1FEF5A76}.Debug|Any CPU.Build.0 = Debug|Any CPU
		{1022691F-FBE0-43A0-9CF5-C2FE1FEF5A76}.Debug|x64.ActiveCfg = Debug|Any CPU
		{1022691F-FBE0-43A0-9CF5-C2FE1FEF5A76}.Debug|x64.Build.0 = Debug|Any CPU
		{1022691F-FBE0-43A0-9CF5-C2FE1FEF5A76}.Debug|x86.ActiveCfg = Debug|Any CPU
		{1022691F-FBE0-43A0-9CF5-C2FE1FEF5A76}.Debug|x86.Build.0 = Debug|Any CPU
		{1022691F-FBE0-43A0-9CF5-C2FE1FEF5A76}.Release|Any CPU.ActiveCfg = Release|Any CPU
		{1022691F-FBE0-43A0-9CF5-C2FE1FEF5A76}.Release|Any CPU.Build.0 = Release|Any CPU
		{1022691F-FBE0-43A0-9CF5-C2FE1FEF5A76}.Release|x64.ActiveCfg = Release|Any CPU
		{1022691F-FBE0-43A0-9CF5-C2FE1FEF5A76}.Release|x64.Build.0 = Release|Any CPU
		{1022691F-FBE0-43A0-9CF5-C2FE1FEF5A76}.Release|x86.ActiveCfg = Release|Any CPU
		{1022691F-FBE0-43A0-9CF5-C2FE1FEF5A76}.Release|x86.Build.0 = Release|Any CPU
		{FAF84CB9-0F72-480F-A0E5-E41924457330}.Debug|Any CPU.ActiveCfg = Debug|Any CPU
		{FAF84CB9-0F72-480F-A0E5-E41924457330}.Debug|Any CPU.Build.0 = Debug|Any CPU
		{FAF84CB9-0F72-480F-A0E5-E41924457330}.Debug|x64.ActiveCfg = Debug|Any CPU
		{FAF84CB9-0F72-480F-A0E5-E41924457330}.Debug|x64.Build.0 = Debug|Any CPU
		{FAF84CB9-0F72-480F-A0E5-E41924457330}.Debug|x86.ActiveCfg = Debug|Any CPU
		{FAF84CB9-0F72-480F-A0E5-E41924457330}.Debug|x86.Build.0 = Debug|Any CPU
		{FAF84CB9-0F72-480F-A0E5-E41924457330}.Release|Any CPU.ActiveCfg = Release|Any CPU
		{FAF84CB9-0F72-480F-A0E5-E41924457330}.Release|Any CPU.Build.0 = Release|Any CPU
		{FAF84CB9-0F72-480F-A0E5-E41924457330}.Release|x64.ActiveCfg = Release|Any CPU
		{FAF84CB9-0F72-480F-A0E5-E41924457330}.Release|x64.Build.0 = Release|Any CPU
		{FAF84CB9-0F72-480F-A0E5-E41924457330}.Release|x86.ActiveCfg = Release|Any CPU
		{FAF84CB9-0F72-480F-A0E5-E41924457330}.Release|x86.Build.0 = Release|Any CPU
		{109DA074-572D-4F02-9BAB-4CE599D3538E}.Debug|Any CPU.ActiveCfg = Debug|Any CPU
		{109DA074-572D-4F02-9BAB-4CE599D3538E}.Debug|Any CPU.Build.0 = Debug|Any CPU
		{109DA074-572D-4F02-9BAB-4CE599D3538E}.Debug|x64.ActiveCfg = Debug|Any CPU
		{109DA074-572D-4F02-9BAB-4CE599D3538E}.Debug|x64.Build.0 = Debug|Any CPU
		{109DA074-572D-4F02-9BAB-4CE599D3538E}.Debug|x86.ActiveCfg = Debug|Any CPU
		{109DA074-572D-4F02-9BAB-4CE599D3538E}.Debug|x86.Build.0 = Debug|Any CPU
		{109DA074-572D-4F02-9BAB-4CE599D3538E}.Release|Any CPU.ActiveCfg = Release|Any CPU
		{109DA074-572D-4F02-9BAB-4CE599D3538E}.Release|Any CPU.Build.0 = Release|Any CPU
		{109DA074-572D-4F02-9BAB-4CE599D3538E}.Release|x64.ActiveCfg = Release|Any CPU
		{109DA074-572D-4F02-9BAB-4CE599D3538E}.Release|x64.Build.0 = Release|Any CPU
		{109DA074-572D-4F02-9BAB-4CE599D3538E}.Release|x86.ActiveCfg = Release|Any CPU
		{109DA074-572D-4F02-9BAB-4CE599D3538E}.Release|x86.Build.0 = Release|Any CPU
		{6E3B41DB-FDBE-471B-B2E7-3A60476DB708}.Debug|Any CPU.ActiveCfg = Debug|Any CPU
		{6E3B41DB-FDBE-471B-B2E7-3A60476DB708}.Debug|Any CPU.Build.0 = Debug|Any CPU
		{6E3B41DB-FDBE-471B-B2E7-3A60476DB708}.Debug|x64.ActiveCfg = Debug|Any CPU
		{6E3B41DB-FDBE-471B-B2E7-3A60476DB708}.Debug|x64.Build.0 = Debug|Any CPU
		{6E3B41DB-FDBE-471B-B2E7-3A60476DB708}.Debug|x86.ActiveCfg = Debug|Any CPU
		{6E3B41DB-FDBE-471B-B2E7-3A60476DB708}.Debug|x86.Build.0 = Debug|Any CPU
		{6E3B41DB-FDBE-471B-B2E7-3A60476DB708}.Release|Any CPU.ActiveCfg = Release|Any CPU
		{6E3B41DB-FDBE-471B-B2E7-3A60476DB708}.Release|Any CPU.Build.0 = Release|Any CPU
		{6E3B41DB-FDBE-471B-B2E7-3A60476DB708}.Release|x64.ActiveCfg = Release|Any CPU
		{6E3B41DB-FDBE-471B-B2E7-3A60476DB708}.Release|x64.Build.0 = Release|Any CPU
		{6E3B41DB-FDBE-471B-B2E7-3A60476DB708}.Release|x86.ActiveCfg = Release|Any CPU
		{6E3B41DB-FDBE-471B-B2E7-3A60476DB708}.Release|x86.Build.0 = Release|Any CPU
		{99110EB0-F05A-48C7-9C4C-E2BD8E804A94}.Debug|Any CPU.ActiveCfg = Debug|Any CPU
		{99110EB0-F05A-48C7-9C4C-E2BD8E804A94}.Debug|Any CPU.Build.0 = Debug|Any CPU
		{99110EB0-F05A-48C7-9C4C-E2BD8E804A94}.Debug|x64.ActiveCfg = Debug|Any CPU
		{99110EB0-F05A-48C7-9C4C-E2BD8E804A94}.Debug|x64.Build.0 = Debug|Any CPU
		{99110EB0-F05A-48C7-9C4C-E2BD8E804A94}.Debug|x86.ActiveCfg = Debug|Any CPU
		{99110EB0-F05A-48C7-9C4C-E2BD8E804A94}.Debug|x86.Build.0 = Debug|Any CPU
		{99110EB0-F05A-48C7-9C4C-E2BD8E804A94}.Release|Any CPU.ActiveCfg = Release|Any CPU
		{99110EB0-F05A-48C7-9C4C-E2BD8E804A94}.Release|Any CPU.Build.0 = Release|Any CPU
		{99110EB0-F05A-48C7-9C4C-E2BD8E804A94}.Release|x64.ActiveCfg = Release|Any CPU
		{99110EB0-F05A-48C7-9C4C-E2BD8E804A94}.Release|x64.Build.0 = Release|Any CPU
		{99110EB0-F05A-48C7-9C4C-E2BD8E804A94}.Release|x86.ActiveCfg = Release|Any CPU
		{99110EB0-F05A-48C7-9C4C-E2BD8E804A94}.Release|x86.Build.0 = Release|Any CPU
		{F49854D6-CCC5-40D9-A127-B95B207E5443}.Debug|Any CPU.ActiveCfg = Debug|Any CPU
		{F49854D6-CCC5-40D9-A127-B95B207E5443}.Debug|Any CPU.Build.0 = Debug|Any CPU
		{F49854D6-CCC5-40D9-A127-B95B207E5443}.Debug|x64.ActiveCfg = Debug|Any CPU
		{F49854D6-CCC5-40D9-A127-B95B207E5443}.Debug|x64.Build.0 = Debug|Any CPU
		{F49854D6-CCC5-40D9-A127-B95B207E5443}.Debug|x86.ActiveCfg = Debug|Any CPU
		{F49854D6-CCC5-40D9-A127-B95B207E5443}.Debug|x86.Build.0 = Debug|Any CPU
		{F49854D6-CCC5-40D9-A127-B95B207E5443}.Release|Any CPU.ActiveCfg = Release|Any CPU
		{F49854D6-CCC5-40D9-A127-B95B207E5443}.Release|Any CPU.Build.0 = Release|Any CPU
		{F49854D6-CCC5-40D9-A127-B95B207E5443}.Release|x64.ActiveCfg = Release|Any CPU
		{F49854D6-CCC5-40D9-A127-B95B207E5443}.Release|x64.Build.0 = Release|Any CPU
		{F49854D6-CCC5-40D9-A127-B95B207E5443}.Release|x86.ActiveCfg = Release|Any CPU
		{F49854D6-CCC5-40D9-A127-B95B207E5443}.Release|x86.Build.0 = Release|Any CPU
	EndGlobalSection
	GlobalSection(SolutionProperties) = preSolution
		HideSolutionNode = FALSE
	EndGlobalSection
	GlobalSection(NestedProjects) = preSolution
		{1022691F-FBE0-43A0-9CF5-C2FE1FEF5A76} = {827E0CD3-B72D-47B6-A68D-7590B98EB39B}
		{FAF84CB9-0F72-480F-A0E5-E41924457330} = {827E0CD3-B72D-47B6-A68D-7590B98EB39B}
		{109DA074-572D-4F02-9BAB-4CE599D3538E} = {827E0CD3-B72D-47B6-A68D-7590B98EB39B}
		{6E3B41DB-FDBE-471B-B2E7-3A60476DB708} = {827E0CD3-B72D-47B6-A68D-7590B98EB39B}
		{99110EB0-F05A-48C7-9C4C-E2BD8E804A94} = {0AB3BF05-4346-4AA6-1389-037BE0695223}
		{F49854D6-CCC5-40D9-A127-B95B207E5443} = {0AB3BF05-4346-4AA6-1389-037BE0695223}
	EndGlobalSection
	GlobalSection(ExtensibilityGlobals) = postSolution
		SolutionGuid = {9EAE97A9-F6D7-4DA6-812F-3F2698D02929}
	EndGlobalSection
EndGlobal
